
Microsoft Visual Studio Solution File, Format Version 12.00
# Visual Studio Version 17
VisualStudioVersion = 17.10.35122.118
MinimumVisualStudioVersion = 10.0.40219.1
Project("{FAE04EC0-301F-11D3-BF4B-00C04F79EFBC}") = "backend_web", "backend_web\backend_web.csproj", "{A4B38FA0-F52A-4AA8-B1EC-7B31FCDA46F8}"
EndProject
Global
	GlobalSection(SolutionConfigurationPlatforms) = preSolution
		Debug|Any CPU = Debug|Any CPU
		Release|Any CPU = Release|Any CPU
	EndGlobalSection
	GlobalSection(ProjectConfigurationPlatforms) = postSolution
		{A4B38FA0-F52A-4AA8-B1EC-7B31FCDA46F8}.Debug|Any CPU.ActiveCfg = Debug|Any CPU
		{A4B38FA0-F52A-4AA8-B1EC-7B31FCDA46F8}.Debug|Any CPU.Build.0 = Debug|Any CPU
		{A4B38FA0-F52A-4AA8-B1EC-7B31FCDA46F8}.Release|Any CPU.ActiveCfg = Release|Any CPU
		{A4B38FA0-F52A-4AA8-B1EC-7B31FCDA46F8}.Release|Any CPU.Build.0 = Release|Any CPU
	EndGlobalSection
	GlobalSection(SolutionProperties) = preSolution
		HideSolutionNode = FALSE
	EndGlobalSection
	GlobalSection(ExtensibilityGlobals) = postSolution
		SolutionGuid = {25259BC1-BD95-4029-B8F0-97F9BF537C8F}
	EndGlobalSection
EndGlobal
